---
JARS:
- org.jruby:jruby-complete:jar:1.7.0.preview2
- org.infinispan:infinispan-core:jar:5.1.5.FINAL
- org.jgroups:jgroups:jar:3.0.10.Final
- org.jboss.spec.javax.transaction:jboss-transaction-api_1.1_spec:jar:1.0.0.Final
- org.jboss.marshalling:jboss-marshalling-river:jar:1.3.11.GA
- org.jboss.marshalling:jboss-marshalling:jar:1.3.11.GA
- org.jboss.logging:jboss-logging:jar:3.1.0.GA
- org.codehaus.woodstox:woodstox-core-asl:jar:4.1.1
- org.codehaus.woodstox:stax2-api:jar:3.1.1
- org.rhq.helpers:rhq-pluginAnnotations:jar:3.0.4
GEMS:
- rack:1.4.1
- jruby-rack:1.1.10
- erubis:2.7.0
- mime-types:1.19
- tilt:1.3.3
- sprockets:2.8.1
- couchrest:1.1.3
- json:1.7.5
- multi_json:1.3.7
- bcrypt-ruby:3.0.1
- RedCloth:4.2.9
- chronic:0.8.0
- stringex:1.4.0
- ffaker:1.15.0
- hike:1.2.1
- rest-client:1.6.7
